
Microsoft Visual Studio Solution File, Format Version 12.00
# Visual Studio Version 17
VisualStudioVersion = 17.8.34316.72
MinimumVisualStudioVersion = 10.0.40219.1
Project("{FAE04EC0-301F-11D3-BF4B-00C04F79EFBC}") = "LiteNetwork.Extensions.Processing", "LiteNetwork.Extensions.Processing\LiteNetwork.Extensions.Processing.csproj", "{4B120916-5B70-4D49-A681-E175327E65DE}"
EndProject
Project("{FAE04EC0-301F-11D3-BF4B-00C04F79EFBC}") = "TestProject", "TestProject\TestProject.csproj", "{8DC1E472-F8DF-49D6-9D6F-2AECA0AC53A6}"
EndProject
Global
	GlobalSection(SolutionConfigurationPlatforms) = preSolution
		Debug|Any CPU = Debug|Any CPU
		Release|Any CPU = Release|Any CPU
	EndGlobalSection
	GlobalSection(ProjectConfigurationPlatforms) = postSolution
		{4B120916-5B70-4D49-A681-E175327E65DE}.Debug|Any CPU.ActiveCfg = Debug|Any CPU
		{4B120916-5B70-4D49-A681-E175327E65DE}.Debug|Any CPU.Build.0 = Debug|Any CPU
		{4B120916-5B70-4D49-A681-E175327E65DE}.Release|Any CPU.ActiveCfg = Release|Any CPU
		{4B120916-5B70-4D49-A681-E175327E65DE}.Release|Any CPU.Build.0 = Release|Any CPU
		{8DC1E472-F8DF-49D6-9D6F-2AECA0AC53A6}.Debug|Any CPU.ActiveCfg = Debug|Any CPU
		{8DC1E472-F8DF-49D6-9D6F-2AECA0AC53A6}.Debug|Any CPU.Build.0 = Debug|Any CPU
		{8DC1E472-F8DF-49D6-9D6F-2AECA0AC53A6}.Release|Any CPU.ActiveCfg = Release|Any CPU
		{8DC1E472-F8DF-49D6-9D6F-2AECA0AC53A6}.Release|Any CPU.Build.0 = Release|Any CPU
	EndGlobalSection
	GlobalSection(SolutionProperties) = preSolution
		HideSolutionNode = FALSE
	EndGlobalSection
	GlobalSection(ExtensibilityGlobals) = postSolution
		SolutionGuid = {1D0F597A-F085-43F3-926E-81A0A9674FAB}
	EndGlobalSection
EndGlobal
