
Microsoft Visual Studio Solution File, Format Version 12.00
# Visual Studio Version 17
VisualStudioVersion = 17.8.34316.72
MinimumVisualStudioVersion = 10.0.40219.1
Project("{9A19103F-16F7-4668-BE54-9A1E7A4F7556}") = "LiteNetwork.Extensions.Processing", "LiteNetwork.Extensions.Processing\LiteNetwork.Extensions.Processing.csproj", "{4B120916-5B70-4D49-A681-E175327E65DE}"
EndProject
Project("{FAE04EC0-301F-11D3-BF4B-00C04F79EFBC}") = "LiteNetwork.Extensions.Tests", "LiteNetwork.Extensions.Tests\LiteNetwork.Extensions.Tests.csproj", "{6F746485-B45D-4757-8765-BB236E0D4999}"
EndProject
Project("{2150E333-8FDC-42A3-9474-1A3956D46DE8}") = "Processing", "Processing", "{EF0BE4F8-CFBB-46B4-858A-955101924407}"
EndProject
Project("{2150E333-8FDC-42A3-9474-1A3956D46DE8}") = "Tests", "Tests", "{18AD70C7-1C04-4461-91E7-1F7ECE1D1FA6}"
EndProject
Global
	GlobalSection(SolutionConfigurationPlatforms) = preSolution
		Debug|Any CPU = Debug|Any CPU
		Release|Any CPU = Release|Any CPU
	EndGlobalSection
	GlobalSection(ProjectConfigurationPlatforms) = postSolution
		{4B120916-5B70-4D49-A681-E175327E65DE}.Debug|Any CPU.ActiveCfg = Debug|Any CPU
		{4B120916-5B70-4D49-A681-E175327E65DE}.Debug|Any CPU.Build.0 = Debug|Any CPU
		{4B120916-5B70-4D49-A681-E175327E65DE}.Release|Any CPU.ActiveCfg = Release|Any CPU
		{4B120916-5B70-4D49-A681-E175327E65DE}.Release|Any CPU.Build.0 = Release|Any CPU
		{6F746485-B45D-4757-8765-BB236E0D4999}.Debug|Any CPU.ActiveCfg = Debug|Any CPU
		{6F746485-B45D-4757-8765-BB236E0D4999}.Debug|Any CPU.Build.0 = Debug|Any CPU
		{6F746485-B45D-4757-8765-BB236E0D4999}.Release|Any CPU.ActiveCfg = Release|Any CPU
		{6F746485-B45D-4757-8765-BB236E0D4999}.Release|Any CPU.Build.0 = Release|Any CPU
	EndGlobalSection
	GlobalSection(SolutionProperties) = preSolution
		HideSolutionNode = FALSE
	EndGlobalSection
	GlobalSection(NestedProjects) = preSolution
		{4B120916-5B70-4D49-A681-E175327E65DE} = {EF0BE4F8-CFBB-46B4-858A-955101924407}
		{6F746485-B45D-4757-8765-BB236E0D4999} = {18AD70C7-1C04-4461-91E7-1F7ECE1D1FA6}
	EndGlobalSection
	GlobalSection(ExtensibilityGlobals) = postSolution
		SolutionGuid = {1D0F597A-F085-43F3-926E-81A0A9674FAB}
	EndGlobalSection
EndGlobal
